
Microsoft Visual Studio Solution File, Format Version 12.00
# Visual Studio 15
VisualStudioVersion = 15.0.28307.136
MinimumVisualStudioVersion = 10.0.40219.1
Project("{9A19103F-16F7-4668-BE54-9A1E7A4F7556}") = "Calculations", "Calculations\Calculations.csproj", "{2111F0D8-EDB5-4F75-AC25-6DFD42989826}"
EndProject
Project("{FAE04EC0-301F-11D3-BF4B-00C04F79EFBC}") = "Calculations.Tests", "Calculations.Tests\Calculations.Tests.csproj", "{A7D73BC6-EADD-4B3D-8F18-338A6A7056F7}"
EndProject
Global
	GlobalSection(SolutionConfigurationPlatforms) = preSolution
		Debug|Any CPU = Debug|Any CPU
		Release|Any CPU = Release|Any CPU
	EndGlobalSection
	GlobalSection(ProjectConfigurationPlatforms) = postSolution
		{2111F0D8-EDB5-4F75-AC25-6DFD42989826}.Debug|Any CPU.ActiveCfg = Debug|Any CPU
		{2111F0D8-EDB5-4F75-AC25-6DFD42989826}.Debug|Any CPU.Build.0 = Debug|Any CPU
		{2111F0D8-EDB5-4F75-AC25-6DFD42989826}.Release|Any CPU.ActiveCfg = Release|Any CPU
		{2111F0D8-EDB5-4F75-AC25-6DFD42989826}.Release|Any CPU.Build.0 = Release|Any CPU
		{A7D73BC6-EADD-4B3D-8F18-338A6A7056F7}.Debug|Any CPU.ActiveCfg = Debug|Any CPU
		{A7D73BC6-EADD-4B3D-8F18-338A6A7056F7}.Debug|Any CPU.Build.0 = Debug|Any CPU
		{A7D73BC6-EADD-4B3D-8F18-338A6A7056F7}.Release|Any CPU.ActiveCfg = Release|Any CPU
		{A7D73BC6-EADD-4B3D-8F18-338A6A7056F7}.Release|Any CPU.Build.0 = Release|Any CPU
	EndGlobalSection
	GlobalSection(SolutionProperties) = preSolution
		HideSolutionNode = FALSE
	EndGlobalSection
	GlobalSection(ExtensibilityGlobals) = postSolution
		SolutionGuid = {1A40A137-ED75-46F7-B3FB-DB5BEF6176A2}
	EndGlobalSection
EndGlobal
